
Microsoft Visual Studio Solution File, Format Version 12.00
# Visual Studio Version 16
VisualStudioVersion = 16.0.29728.190
MinimumVisualStudioVersion = 10.0.40219.1
Project("{FAE04EC0-301F-11D3-BF4B-00C04F79EFBC}") = "filevalidation", "filevalidation.csproj", "{A1B236D0-9A0D-4ED3-B744-FE3EB6648B61}"
EndProject
Global
	GlobalSection(SolutionConfigurationPlatforms) = preSolution
		Debug|Any CPU = Debug|Any CPU
		Release|Any CPU = Release|Any CPU
	EndGlobalSection
	GlobalSection(ProjectConfigurationPlatforms) = postSolution
		{A1B236D0-9A0D-4ED3-B744-FE3EB6648B61}.Debug|Any CPU.ActiveCfg = Debug|Any CPU
		{A1B236D0-9A0D-4ED3-B744-FE3EB6648B61}.Debug|Any CPU.Build.0 = Debug|Any CPU
		{A1B236D0-9A0D-4ED3-B744-FE3EB6648B61}.Release|Any CPU.ActiveCfg = Release|Any CPU
		{A1B236D0-9A0D-4ED3-B744-FE3EB6648B61}.Release|Any CPU.Build.0 = Release|Any CPU
	EndGlobalSection
	GlobalSection(SolutionProperties) = preSolution
		HideSolutionNode = FALSE
	EndGlobalSection
	GlobalSection(ExtensibilityGlobals) = postSolution
		SolutionGuid = {5404F65D-E22E-4949-82C1-887F10842591}
	EndGlobalSection
EndGlobal
